
Microsoft Visual Studio Solution File, Format Version 11.00
# Visual Studio 2010
Project("{FAE04EC0-301F-11D3-BF4B-00C04F79EFBC}") = "starRacer", "Assembly-CSharp.csproj", "{820FBDBF-B44C-47C4-B27F-B4217CCDB699}"
EndProject
Global
	GlobalSection(SolutionConfigurationPlatforms) = preSolution
		Debug|Any CPU = Debug|Any CPU
		Release|Any CPU = Release|Any CPU
	EndGlobalSection
	GlobalSection(ProjectConfigurationPlatforms) = postSolution
		{820FBDBF-B44C-47C4-B27F-B4217CCDB699}.Debug|Any CPU.ActiveCfg = Debug|Any CPU
		{820FBDBF-B44C-47C4-B27F-B4217CCDB699}.Debug|Any CPU.Build.0 = Debug|Any CPU
		{820FBDBF-B44C-47C4-B27F-B4217CCDB699}.Release|Any CPU.ActiveCfg = Release|Any CPU
		{820FBDBF-B44C-47C4-B27F-B4217CCDB699}.Release|Any CPU.Build.0 = Release|Any CPU
	EndGlobalSection
	GlobalSection(SolutionProperties) = preSolution
		HideSolutionNode = FALSE
	EndGlobalSection
	GlobalSection(MonoDevelopProperties) = preSolution
		StartupItem = Assembly-CSharp.csproj
	EndGlobalSection
EndGlobal
